
Microsoft Visual Studio Solution File, Format Version 12.00
# Visual Studio Version 16
VisualStudioVersion = 16.0.34729.46
MinimumVisualStudioVersion = 10.0.40219.1
Project("{2150E333-8FDC-42A3-9474-1A3956D46DE8}") = "Task0", "Task0", "{02949324-A3CF-4E6C-B0E1-76125F27C3AA}"
EndProject
Project("{FAE04EC0-301F-11D3-BF4B-00C04F79EFBC}") = "Tyuiu.NedospasovaAE.Sprint0.Task0.V0", "Tyuiu.NedospasovaAE.Sprint0.Task0.V0\Tyuiu.NedospasovaAE.Sprint0.Task0.V0.csproj", "{389708B6-EA4E-40E3-A80B-716F5FF0F86B}"
EndProject
Project("{2150E333-8FDC-42A3-9474-1A3956D46DE8}") = "Task1", "Task1", "{4E8206A2-D56B-4781-8564-90580642A141}"
EndProject
Project("{FAE04EC0-301F-11D3-BF4B-00C04F79EFBC}") = "Tyuiu.NedospasovaAE.Sprint0.Task1.V0", "Tyuiu.NedospasovaAE.Sprint0.Task1.V0\Tyuiu.NedospasovaAE.Sprint0.Task1.V0.csproj", "{48B83175-47A8-4A23-968F-D3384D09A28C}"
EndProject
Project("{2150E333-8FDC-42A3-9474-1A3956D46DE8}") = "Task2", "Task2", "{C1F79151-F22A-40DC-B556-A2ED6BDC0D9D}"
EndProject
Project("{FAE04EC0-301F-11D3-BF4B-00C04F79EFBC}") = "Tyuiu.NedospasovaAE.Sprint0.Task2.V0", "Tyuiu.NedospasovaAE.Sprint0.Task2.V0\Tyuiu.NedospasovaAE.Sprint0.Task2.V0.csproj", "{10BB49A2-4B3A-4EAA-869D-21ECD7F800B2}"
EndProject
Project("{FAE04EC0-301F-11D3-BF4B-00C04F79EFBC}") = "Tyuiu.NedospasovaAE.Sprint0.Task2.V0.Lib", "Tyuiu.NedospasovaAE.Sprint0.Task2.V0.Lib\Tyuiu.NedospasovaAE.Sprint0.Task2.V0.Lib.csproj", "{416CE8F4-4107-4906-809C-5D4C6CA95F1C}"
EndProject
Project("{FAE04EC0-301F-11D3-BF4B-00C04F79EFBC}") = "Tyuiu.NedospasovaAE.Sprint0.Task2.V0.Test", "Tyuiu.NedospasovaAE.Sprint0.Task2.V0.Test\Tyuiu.NedospasovaAE.Sprint0.Task2.V0.Test.csproj", "{F64CA082-0C85-4055-9727-DBD73D892E66}"
EndProject
Project("{2150E333-8FDC-42A3-9474-1A3956D46DE8}") = "Task3", "Task3", "{62EAAA0F-040C-4C34-8A70-62D98F06410E}"
EndProject
Project("{FAE04EC0-301F-11D3-BF4B-00C04F79EFBC}") = "Tyuiu.NedospasovaAE.Sprint0.Task3.V0", "Tyuiu.NedospasovaAE.Sprint0.Task3.V0\Tyuiu.NedospasovaAE.Sprint0.Task3.V0.csproj", "{D4CBFC6B-1676-4EB5-A4EF-B2144D55EBBC}"
EndProject
Project("{FAE04EC0-301F-11D3-BF4B-00C04F79EFBC}") = "Tyuiu.NedospasovaAE.Sprint0.Task3.V0.Lib", "Tyuiu.NedospasovaAE.Sprint0.Task3.V0.Lib\Tyuiu.NedospasovaAE.Sprint0.Task3.V0.Lib.csproj", "{D5D0C5A9-B2E2-48EC-A6C2-70965F242E1D}"
EndProject
Project("{FAE04EC0-301F-11D3-BF4B-00C04F79EFBC}") = "Tyuiu.NedospasovaAE.Sprint0.Task3.V0.Test", "Tyuiu.NedospasovaAE.Sprint0.Task3.V0.Test\Tyuiu.NedospasovaAE.Sprint0.Task3.V0.Test.csproj", "{8A15E035-F0B6-4E88-B831-C60B70025712}"
EndProject
Project("{2150E333-8FDC-42A3-9474-1A3956D46DE8}") = "Task4", "Task4", "{1FE3D09F-978D-4790-91D7-BF325AA1BC55}"
EndProject
Project("{FAE04EC0-301F-11D3-BF4B-00C04F79EFBC}") = "Tyuiu.NedospasovaAE.Sprint0.Task4.V0", "Tyuiu.NedospasovaAE.Sprint0.Task4.V0\Tyuiu.NedospasovaAE.Sprint0.Task4.V0.csproj", "{ACD302BF-756E-401F-A197-6B5FB629C857}"
EndProject
Project("{FAE04EC0-301F-11D3-BF4B-00C04F79EFBC}") = "Tyuiu.NedospasovaAE.Sprint0.Task4.V0.Lib", "Tyuiu.NedospasovaAE.Sprint0.Task4.V0.Lib\Tyuiu.NedospasovaAE.Sprint0.Task4.V0.Lib.csproj", "{A5EC7C23-4D49-417D-A7CA-436171811449}"
EndProject
Project("{FAE04EC0-301F-11D3-BF4B-00C04F79EFBC}") = "Tyuiu.NedospasovaAE.Sprint0.Task4.V0.Test", "Tyuiu.NedospasovaAE.Sprint0.Task4.V0.Test\Tyuiu.NedospasovaAE.Sprint0.Task4.V0.Test.csproj", "{276B25D4-232D-4B57-90EF-D58D5918934A}"
EndProject
Global
	GlobalSection(SolutionConfigurationPlatforms) = preSolution
		Debug|Any CPU = Debug|Any CPU
		Release|Any CPU = Release|Any CPU
	EndGlobalSection
	GlobalSection(ProjectConfigurationPlatforms) = postSolution
		{389708B6-EA4E-40E3-A80B-716F5FF0F86B}.Debug|Any CPU.ActiveCfg = Debug|Any CPU
		{389708B6-EA4E-40E3-A80B-716F5FF0F86B}.Debug|Any CPU.Build.0 = Debug|Any CPU
		{389708B6-EA4E-40E3-A80B-716F5FF0F86B}.Release|Any CPU.ActiveCfg = Release|Any CPU
		{389708B6-EA4E-40E3-A80B-716F5FF0F86B}.Release|Any CPU.Build.0 = Release|Any CPU
		{48B83175-47A8-4A23-968F-D3384D09A28C}.Debug|Any CPU.ActiveCfg = Debug|Any CPU
		{48B83175-47A8-4A23-968F-D3384D09A28C}.Debug|Any CPU.Build.0 = Debug|Any CPU
		{48B83175-47A8-4A23-968F-D3384D09A28C}.Release|Any CPU.ActiveCfg = Release|Any CPU
		{48B83175-47A8-4A23-968F-D3384D09A28C}.Release|Any CPU.Build.0 = Release|Any CPU
		{10BB49A2-4B3A-4EAA-869D-21ECD7F800B2}.Debug|Any CPU.ActiveCfg = Debug|Any CPU
		{10BB49A2-4B3A-4EAA-869D-21ECD7F800B2}.Debug|Any CPU.Build.0 = Debug|Any CPU
		{10BB49A2-4B3A-4EAA-869D-21ECD7F800B2}.Release|Any CPU.ActiveCfg = Release|Any CPU
		{10BB49A2-4B3A-4EAA-869D-21ECD7F800B2}.Release|Any CPU.Build.0 = Release|Any CPU
		{416CE8F4-4107-4906-809C-5D4C6CA95F1C}.Debug|Any CPU.ActiveCfg = Debug|Any CPU
		{416CE8F4-4107-4906-809C-5D4C6CA95F1C}.Debug|Any CPU.Build.0 = Debug|Any CPU
		{416CE8F4-4107-4906-809C-5D4C6CA95F1C}.Release|Any CPU.ActiveCfg = Release|Any CPU
		{416CE8F4-4107-4906-809C-5D4C6CA95F1C}.Release|Any CPU.Build.0 = Release|Any CPU
		{F64CA082-0C85-4055-9727-DBD73D892E66}.Debug|Any CPU.ActiveCfg = Debug|Any CPU
		{F64CA082-0C85-4055-9727-DBD73D892E66}.Debug|Any CPU.Build.0 = Debug|Any CPU
		{F64CA082-0C85-4055-9727-DBD73D892E66}.Release|Any CPU.ActiveCfg = Release|Any CPU
		{F64CA082-0C85-4055-9727-DBD73D892E66}.Release|Any CPU.Build.0 = Release|Any CPU
		{D4CBFC6B-1676-4EB5-A4EF-B2144D55EBBC}.Debug|Any CPU.ActiveCfg = Debug|Any CPU
		{D4CBFC6B-1676-4EB5-A4EF-B2144D55EBBC}.Debug|Any CPU.Build.0 = Debug|Any CPU
		{D4CBFC6B-1676-4EB5-A4EF-B2144D55EBBC}.Release|Any CPU.ActiveCfg = Release|Any CPU
		{D4CBFC6B-1676-4EB5-A4EF-B2144D55EBBC}.Release|Any CPU.Build.0 = Release|Any CPU
		{D5D0C5A9-B2E2-48EC-A6C2-70965F242E1D}.Debug|Any CPU.ActiveCfg = Debug|Any CPU
		{D5D0C5A9-B2E2-48EC-A6C2-70965F242E1D}.Debug|Any CPU.Build.0 = Debug|Any CPU
		{D5D0C5A9-B2E2-48EC-A6C2-70965F242E1D}.Release|Any CPU.ActiveCfg = Release|Any CPU
		{D5D0C5A9-B2E2-48EC-A6C2-70965F242E1D}.Release|Any CPU.Build.0 = Release|Any CPU
		{8A15E035-F0B6-4E88-B831-C60B70025712}.Debug|Any CPU.ActiveCfg = Debug|Any CPU
		{8A15E035-F0B6-4E88-B831-C60B70025712}.Debug|Any CPU.Build.0 = Debug|Any CPU
		{8A15E035-F0B6-4E88-B831-C60B70025712}.Release|Any CPU.ActiveCfg = Release|Any CPU
		{8A15E035-F0B6-4E88-B831-C60B70025712}.Release|Any CPU.Build.0 = Release|Any CPU
		{ACD302BF-756E-401F-A197-6B5FB629C857}.Debug|Any CPU.ActiveCfg = Debug|Any CPU
		{ACD302BF-756E-401F-A197-6B5FB629C857}.Debug|Any CPU.Build.0 = Debug|Any CPU
		{ACD302BF-756E-401F-A197-6B5FB629C857}.Release|Any CPU.ActiveCfg = Release|Any CPU
		{ACD302BF-756E-401F-A197-6B5FB629C857}.Release|Any CPU.Build.0 = Release|Any CPU
		{A5EC7C23-4D49-417D-A7CA-436171811449}.Debug|Any CPU.ActiveCfg = Debug|Any CPU
		{A5EC7C23-4D49-417D-A7CA-436171811449}.Debug|Any CPU.Build.0 = Debug|Any CPU
		{A5EC7C23-4D49-417D-A7CA-436171811449}.Release|Any CPU.ActiveCfg = Release|Any CPU
		{A5EC7C23-4D49-417D-A7CA-436171811449}.Release|Any CPU.Build.0 = Release|Any CPU
		{276B25D4-232D-4B57-90EF-D58D5918934A}.Debug|Any CPU.ActiveCfg = Debug|Any CPU
		{276B25D4-232D-4B57-90EF-D58D5918934A}.Debug|Any CPU.Build.0 = Debug|Any CPU
		{276B25D4-232D-4B57-90EF-D58D5918934A}.Release|Any CPU.ActiveCfg = Release|Any CPU
		{276B25D4-232D-4B57-90EF-D58D5918934A}.Release|Any CPU.Build.0 = Release|Any CPU
	EndGlobalSection
	GlobalSection(SolutionProperties) = preSolution
		HideSolutionNode = FALSE
	EndGlobalSection
	GlobalSection(NestedProjects) = preSolution
		{389708B6-EA4E-40E3-A80B-716F5FF0F86B} = {02949324-A3CF-4E6C-B0E1-76125F27C3AA}
		{48B83175-47A8-4A23-968F-D3384D09A28C} = {4E8206A2-D56B-4781-8564-90580642A141}
		{10BB49A2-4B3A-4EAA-869D-21ECD7F800B2} = {C1F79151-F22A-40DC-B556-A2ED6BDC0D9D}
		{416CE8F4-4107-4906-809C-5D4C6CA95F1C} = {C1F79151-F22A-40DC-B556-A2ED6BDC0D9D}
		{F64CA082-0C85-4055-9727-DBD73D892E66} = {C1F79151-F22A-40DC-B556-A2ED6BDC0D9D}
		{D4CBFC6B-1676-4EB5-A4EF-B2144D55EBBC} = {62EAAA0F-040C-4C34-8A70-62D98F06410E}
		{D5D0C5A9-B2E2-48EC-A6C2-70965F242E1D} = {62EAAA0F-040C-4C34-8A70-62D98F06410E}
		{8A15E035-F0B6-4E88-B831-C60B70025712} = {62EAAA0F-040C-4C34-8A70-62D98F06410E}
		{ACD302BF-756E-401F-A197-6B5FB629C857} = {1FE3D09F-978D-4790-91D7-BF325AA1BC55}
		{A5EC7C23-4D49-417D-A7CA-436171811449} = {1FE3D09F-978D-4790-91D7-BF325AA1BC55}
		{276B25D4-232D-4B57-90EF-D58D5918934A} = {1FE3D09F-978D-4790-91D7-BF325AA1BC55}
	EndGlobalSection
	GlobalSection(ExtensibilityGlobals) = postSolution
		SolutionGuid = {A635F4C3-D4D9-4CB3-99A1-A4FD0134ABC8}
	EndGlobalSection
EndGlobal
